
Microsoft Visual Studio Solution File, Format Version 12.00
Project("{FAE04EC0-301F-11D3-BF4B-00C04F79EFBC}") = "Lab3Sharp", "Lab3Sharp\Lab3Sharp.csproj", "{E09AA6E2-E779-4AB6-A963-98703FDBD3D1}"
EndProject
Global
	GlobalSection(SolutionConfigurationPlatforms) = preSolution
		Debug|Any CPU = Debug|Any CPU
		Release|Any CPU = Release|Any CPU
	EndGlobalSection
	GlobalSection(ProjectConfigurationPlatforms) = postSolution
		{E09AA6E2-E779-4AB6-A963-98703FDBD3D1}.Debug|Any CPU.ActiveCfg = Debug|Any CPU
		{E09AA6E2-E779-4AB6-A963-98703FDBD3D1}.Debug|Any CPU.Build.0 = Debug|Any CPU
		{E09AA6E2-E779-4AB6-A963-98703FDBD3D1}.Release|Any CPU.ActiveCfg = Release|Any CPU
		{E09AA6E2-E779-4AB6-A963-98703FDBD3D1}.Release|Any CPU.Build.0 = Release|Any CPU
	EndGlobalSection
EndGlobal
