
Microsoft Visual Studio Solution File, Format Version 12.00
Project("{FAE04EC0-301F-11D3-BF4B-00C04F79EFBC}") = "Lab1Sharp", "Lab1Sharp\Lab1Sharp.csproj", "{CC39573A-3B4D-4A09-AD0C-701089158E1A}"
EndProject
Global
	GlobalSection(SolutionConfigurationPlatforms) = preSolution
		Debug|Any CPU = Debug|Any CPU
		Release|Any CPU = Release|Any CPU
	EndGlobalSection
	GlobalSection(ProjectConfigurationPlatforms) = postSolution
		{CC39573A-3B4D-4A09-AD0C-701089158E1A}.Debug|Any CPU.ActiveCfg = Debug|Any CPU
		{CC39573A-3B4D-4A09-AD0C-701089158E1A}.Debug|Any CPU.Build.0 = Debug|Any CPU
		{CC39573A-3B4D-4A09-AD0C-701089158E1A}.Release|Any CPU.ActiveCfg = Release|Any CPU
		{CC39573A-3B4D-4A09-AD0C-701089158E1A}.Release|Any CPU.Build.0 = Release|Any CPU
	EndGlobalSection
EndGlobal
