
Microsoft Visual Studio Solution File, Format Version 12.00
Project("{FAE04EC0-301F-11D3-BF4B-00C04F79EFBC}") = "Lab2Sharp", "Lab2Sharp\Lab2Sharp.csproj", "{60B6657A-3CD6-49DC-9432-76AE1946ECE0}"
EndProject
Global
	GlobalSection(SolutionConfigurationPlatforms) = preSolution
		Debug|Any CPU = Debug|Any CPU
		Release|Any CPU = Release|Any CPU
	EndGlobalSection
	GlobalSection(ProjectConfigurationPlatforms) = postSolution
		{60B6657A-3CD6-49DC-9432-76AE1946ECE0}.Debug|Any CPU.ActiveCfg = Debug|Any CPU
		{60B6657A-3CD6-49DC-9432-76AE1946ECE0}.Debug|Any CPU.Build.0 = Debug|Any CPU
		{60B6657A-3CD6-49DC-9432-76AE1946ECE0}.Release|Any CPU.ActiveCfg = Release|Any CPU
		{60B6657A-3CD6-49DC-9432-76AE1946ECE0}.Release|Any CPU.Build.0 = Release|Any CPU
	EndGlobalSection
EndGlobal
